// !$*UTF8*$!
{
	archiveVersion = 1;
	classes = {
	};
	objectVersion = 55;
	objects = {

/* Begin PBXBuildFile section */
		CFDA84F627DA972E00692155 /* DiscordTestApp.swift in Sources */ = {isa = PBXBuildFile; fileRef = CFDA84F527DA972E00692155 /* DiscordTestApp.swift */; };
		CFDA84F827DA972E00692155 /* ContentView.swift in Sources */ = {isa = PBXBuildFile; fileRef = CFDA84F727DA972E00692155 /* ContentView.swift */; };
		CFDA84FA27DA973000692155 /* Assets.xcassets in Resources */ = {isa = PBXBuildFile; fileRef = CFDA84F927DA973000692155 /* Assets.xcassets */; };
		CFDA84FD27DA973000692155 /* Preview Assets.xcassets in Resources */ = {isa = PBXBuildFile; fileRef = CFDA84FC27DA973000692155 /* Preview Assets.xcassets */; };
		CFDA850727DA973100692155 /* DiscordTestTests.swift in Sources */ = {isa = PBXBuildFile; fileRef = CFDA850627DA973100692155 /* DiscordTestTests.swift */; };
		CFDA851127DA973100692155 /* DiscordTestUITests.swift in Sources */ = {isa = PBXBuildFile; fileRef = CFDA851027DA973100692155 /* DiscordTestUITests.swift */; };
		CFDA851327DA973100692155 /* DiscordTestUITestsLaunchTests.swift in Sources */ = {isa = PBXBuildFile; fileRef = CFDA851227DA973100692155 /* DiscordTestUITestsLaunchTests.swift */; };
		CFDA853227DBE4CA00692155 /* NimbusBlack.ttf in Resources */ = {isa = PBXBuildFile; fileRef = CFDA853127DBE4CA00692155 /* NimbusBlack.ttf */; };
/* End PBXBuildFile section */

/* Begin PBXContainerItemProxy section */
		CFDA850327DA973100692155 /* PBXContainerItemProxy */ = {
			isa = PBXContainerItemProxy;
			containerPortal = CFDA84EA27DA972E00692155 /* Project object */;
			proxyType = 1;
			remoteGlobalIDString = CFDA84F127DA972E00692155;
			remoteInfo = DiscordTest;
		};
		CFDA850D27DA973100692155 /* PBXContainerItemProxy */ = {
			isa = PBXContainerItemProxy;
			containerPortal = CFDA84EA27DA972E00692155 /* Project object */;
			proxyType = 1;
			remoteGlobalIDString = CFDA84F127DA972E00692155;
			remoteInfo = DiscordTest;
		};
/* End PBXContainerItemProxy section */

/* Begin PBXFileReference section */
		CFDA84F227DA972E00692155 /* DiscordTest.app */ = {isa = PBXFileReference; explicitFileType = wrapper.application; includeInIndex = 0; path = DiscordTest.app; sourceTree = BUILT_PRODUCTS_DIR; };
		CFDA84F527DA972E00692155 /* DiscordTestApp.swift */ = {isa = PBXFileReference; lastKnownFileType = sourcecode.swift; path = DiscordTestApp.swift; sourceTree = "<group>"; };
		CFDA84F727DA972E00692155 /* ContentView.swift */ = {isa = PBXFileReference; lastKnownFileType = sourcecode.swift; path = ContentView.swift; sourceTree = "<group>"; };
		CFDA84F927DA973000692155 /* Assets.xcassets */ = {isa = PBXFileReference; lastKnownFileType = folder.assetcatalog; path = Assets.xcassets; sourceTree = "<group>"; };
		CFDA84FC27DA973000692155 /* Preview Assets.xcassets */ = {isa = PBXFileReference; lastKnownFileType = folder.assetcatalog; path = "Preview Assets.xcassets"; sourceTree = "<group>"; };
		CFDA850227DA973100692155 /* DiscordTestTests.xctest */ = {isa = PBXFileReference; explicitFileType = wrapper.cfbundle; includeInIndex = 0; path = DiscordTestTests.xctest; sourceTree = BUILT_PRODUCTS_DIR; };
		CFDA850627DA973100692155 /* DiscordTestTests.swift */ = {isa = PBXFileReference; lastKnownFileType = sourcecode.swift; path = DiscordTestTests.swift; sourceTree = "<group>"; };
		CFDA850C27DA973100692155 /* DiscordTestUITests.xctest */ = {isa = PBXFileReference; explicitFileType = wrapper.cfbundle; includeInIndex = 0; path = DiscordTestUITests.xctest; sourceTree = BUILT_PRODUCTS_DIR; };
		CFDA851027DA973100692155 /* DiscordTestUITests.swift */ = {isa = PBXFileReference; lastKnownFileType = sourcecode.swift; path = DiscordTestUITests.swift; sourceTree = "<group>"; };
		CFDA851227DA973100692155 /* DiscordTestUITestsLaunchTests.swift */ = {isa = PBXFileReference; lastKnownFileType = sourcecode.swift; path = DiscordTestUITestsLaunchTests.swift; sourceTree = "<group>"; };
		CFDA853127DBE4CA00692155 /* NimbusBlack.ttf */ = {isa = PBXFileReference; lastKnownFileType = file; path = NimbusBlack.ttf; sourceTree = "<group>"; };
		CFDA853327DBE50C00692155 /* Info.plist */ = {isa = PBXFileReference; lastKnownFileType = text.plist; path = Info.plist; sourceTree = "<group>"; };
/* End PBXFileReference section */

/* Begin PBXFrameworksBuildPhase section */
		CFDA84EF27DA972E00692155 /* Frameworks */ = {
			isa = PBXFrameworksBuildPhase;
			buildActionMask = 2147483647;
			files = (
			);
			runOnlyForDeploymentPostprocessing = 0;
		};
		CFDA84FF27DA973100692155 /* Frameworks */ = {
			isa = PBXFrameworksBuildPhase;
			buildActionMask = 2147483647;
			files = (
			);
			runOnlyForDeploymentPostprocessing = 0;
		};
		CFDA850927DA973100692155 /* Frameworks */ = {
			isa = PBXFrameworksBuildPhase;
			buildActionMask = 2147483647;
			files = (
			);
			runOnlyForDeploymentPostprocessing = 0;
		};
/* End PBXFrameworksBuildPhase section */

/* Begin PBXGroup section */
		CFDA84E927DA972E00692155 = {
			isa = PBXGroup;
			children = (
				CFDA84F427DA972E00692155 /* DiscordTest */,
				CFDA850527DA973100692155 /* DiscordTestTests */,
				CFDA850F27DA973100692155 /* DiscordTestUITests */,
				CFDA84F327DA972E00692155 /* Products */,
			);
			sourceTree = "<group>";
		};
		CFDA84F327DA972E00692155 /* Products */ = {
			isa = PBXGroup;
			children = (
				CFDA84F227DA972E00692155 /* DiscordTest.app */,
				CFDA850227DA973100692155 /* DiscordTestTests.xctest */,
				CFDA850C27DA973100692155 /* DiscordTestUITests.xctest */,
			);
			name = Products;
			sourceTree = "<group>";
		};
		CFDA84F427DA972E00692155 /* DiscordTest */ = {
			isa = PBXGroup;
			children = (
				CFDA853327DBE50C00692155 /* Info.plist */,
				CFDA853127DBE4CA00692155 /* NimbusBlack.ttf */,
				CFDA84F527DA972E00692155 /* DiscordTestApp.swift */,
				CFDA84F727DA972E00692155 /* ContentView.swift */,
				CFDA84F927DA973000692155 /* Assets.xcassets */,
				CFDA84FB27DA973000692155 /* Preview Content */,
			);
			path = DiscordTest;
			sourceTree = "<group>";
		};
		CFDA84FB27DA973000692155 /* Preview Content */ = {
			isa = PBXGroup;
			children = (
				CFDA84FC27DA973000692155 /* Preview Assets.xcassets */,
			);
			path = "Preview Content";
			sourceTree = "<group>";
		};
		CFDA850527DA973100692155 /* DiscordTestTests */ = {
			isa = PBXGroup;
			children = (
				CFDA850627DA973100692155 /* DiscordTestTests.swift */,
			);
			path = DiscordTestTests;
			sourceTree = "<group>";
		};
		CFDA850F27DA973100692155 /* DiscordTestUITests */ = {
			isa = PBXGroup;
			children = (
				CFDA851027DA973100692155 /* DiscordTestUITests.swift */,
				CFDA851227DA973100692155 /* DiscordTestUITestsLaunchTests.swift */,
			);
			path = DiscordTestUITests;
			sourceTree = "<group>";
		};
/* End PBXGroup section */

/* Begin PBXNativeTarget section */
		CFDA84F127DA972E00692155 /* DiscordTest */ = {
			isa = PBXNativeTarget;
			buildConfigurationList = CFDA851627DA973100692155 /* Build configuration list for PBXNativeTarget "DiscordTest" */;
			buildPhases = (
				CFDA84EE27DA972E00692155 /* Sources */,
				CFDA84EF27DA972E00692155 /* Frameworks */,
				CFDA84F027DA972E00692155 /* Resources */,
			);
			buildRules = (
			);
			dependencies = (
			);
			name = DiscordTest;
			productName = DiscordTest;
			productReference = CFDA84F227DA972E00692155 /* DiscordTest.app */;
			productType = "com.apple.product-type.application";
		};
		CFDA850127DA973100692155 /* DiscordTestTests */ = {
			isa = PBXNativeTarget;
			buildConfigurationList = CFDA851927DA973100692155 /* Build configuration list for PBXNativeTarget "DiscordTestTests" */;
			buildPhases = (
				CFDA84FE27DA973100692155 /* Sources */,
				CFDA84FF27DA973100692155 /* Frameworks */,
				CFDA850027DA973100692155 /* Resources */,
			);
			buildRules = (
			);
			dependencies = (
				CFDA850427DA973100692155 /* PBXTargetDependency */,
			);
			name = DiscordTestTests;
			productName = DiscordTestTests;
			productReference = CFDA850227DA973100692155 /* DiscordTestTests.xctest */;
			productType = "com.apple.product-type.bundle.unit-test";
		};
		CFDA850B27DA973100692155 /* DiscordTestUITests */ = {
			isa = PBXNativeTarget;
			buildConfigurationList = CFDA851C27DA973100692155 /* Build configuration list for PBXNativeTarget "DiscordTestUITests" */;
			buildPhases = (
				CFDA850827DA973100692155 /* Sources */,
				CFDA850927DA973100692155 /* Frameworks */,
				CFDA850A27DA973100692155 /* Resources */,
			);
			buildRules = (
			);
			dependencies = (
				CFDA850E27DA973100692155 /* PBXTargetDependency */,
			);
			name = DiscordTestUITests;
			productName = DiscordTestUITests;
			productReference = CFDA850C27DA973100692155 /* DiscordTestUITests.xctest */;
			productType = "com.apple.product-type.bundle.ui-testing";
		};
/* End PBXNativeTarget section */

/* Begin PBXProject section */
		CFDA84EA27DA972E00692155 /* Project object */ = {
			isa = PBXProject;
			attributes = {
				BuildIndependentTargetsInParallel = 1;
				LastSwiftUpdateCheck = 1320;
				LastUpgradeCheck = 1320;
				TargetAttributes = {
					CFDA84F127DA972E00692155 = {
						CreatedOnToolsVersion = 13.2.1;
					};
					CFDA850127DA973100692155 = {
						CreatedOnToolsVersion = 13.2.1;
						TestTargetID = CFDA84F127DA972E00692155;
					};
					CFDA850B27DA973100692155 = {
						CreatedOnToolsVersion = 13.2.1;
						TestTargetID = CFDA84F127DA972E00692155;
					};
				};
			};
			buildConfigurationList = CFDA84ED27DA972E00692155 /* Build configuration list for PBXProject "DiscordTest" */;
			compatibilityVersion = "Xcode 13.0";
			developmentRegion = en;
			hasScannedForEncodings = 0;
			knownRegions = (
				en,
				Base,
			);
			mainGroup = CFDA84E927DA972E00692155;
			productRefGroup = CFDA84F327DA972E00692155 /* Products */;
			projectDirPath = "";
			projectRoot = "";
			targets = (
				CFDA84F127DA972E00692155 /* DiscordTest */,
				CFDA850127DA973100692155 /* DiscordTestTests */,
				CFDA850B27DA973100692155 /* DiscordTestUITests */,
			);
		};
/* End PBXProject section */

/* Begin PBXResourcesBuildPhase section */
		CFDA84F027DA972E00692155 /* Resources */ = {
			isa = PBXResourcesBuildPhase;
			buildActionMask = 2147483647;
			files = (
				CFDA84FD27DA973000692155 /* Preview Assets.xcassets in Resources */,
				CFDA853227DBE4CA00692155 /* NimbusBlack.ttf in Resources */,
				CFDA84FA27DA973000692155 /* Assets.xcassets in Resources */,
			);
			runOnlyForDeploymentPostprocessing = 0;
		};
		CFDA850027DA973100692155 /* Resources */ = {
			isa = PBXResourcesBuildPhase;
			buildActionMask = 2147483647;
			files = (
			);
			runOnlyForDeploymentPostprocessing = 0;
		};
		CFDA850A27DA973100692155 /* Resources */ = {
			isa = PBXResourcesBuildPhase;
			buildActionMask = 2147483647;
			files = (
			);
			runOnlyForDeploymentPostprocessing = 0;
		};
/* End PBXResourcesBuildPhase section */

/* Begin PBXSourcesBuildPhase section */
		CFDA84EE27DA972E00692155 /* Sources */ = {
			isa = PBXSourcesBuildPhase;
			buildActionMask = 2147483647;
			files = (
				CFDA84F827DA972E00692155 /* ContentView.swift in Sources */,
				CFDA84F627DA972E00692155 /* DiscordTestApp.swift in Sources */,
			);
			runOnlyForDeploymentPostprocessing = 0;
		};
		CFDA84FE27DA973100692155 /* Sources */ = {
			isa = PBXSourcesBuildPhase;
			buildActionMask = 2147483647;
			files = (
				CFDA850727DA973100692155 /* DiscordTestTests.swift in Sources */,
			);
			runOnlyForDeploymentPostprocessing = 0;
		};
		CFDA850827DA973100692155 /* Sources */ = {
			isa = PBXSourcesBuildPhase;
			buildActionMask = 2147483647;
			files = (
				CFDA851127DA973100692155 /* DiscordTestUITests.swift in Sources */,
				CFDA851327DA973100692155 /* DiscordTestUITestsLaunchTests.swift in Sources */,
			);
			runOnlyForDeploymentPostprocessing = 0;
		};
/* End PBXSourcesBuildPhase section */

/* Begin PBXTargetDependency section */
		CFDA850427DA973100692155 /* PBXTargetDependency */ = {
			isa = PBXTargetDependency;
			target = CFDA84F127DA972E00692155 /* DiscordTest */;
			targetProxy = CFDA850327DA973100692155 /* PBXContainerItemProxy */;
		};
		CFDA850E27DA973100692155 /* PBXTargetDependency */ = {
			isa = PBXTargetDependency;
			target = CFDA84F127DA972E00692155 /* DiscordTest */;
			targetProxy = CFDA850D27DA973100692155 /* PBXContainerItemProxy */;
		};
/* End PBXTargetDependency section */

/* Begin XCBuildConfiguration section */
		CFDA851427DA973100692155 /* Debug */ = {
			isa = XCBuildConfiguration;
			buildSettings = {
				ALWAYS_SEARCH_USER_PATHS = NO;
				CLANG_ANALYZER_NONNULL = YES;
				CLANG_ANALYZER_NUMBER_OBJECT_CONVERSION = YES_AGGRESSIVE;
				CLANG_CXX_LANGUAGE_STANDARD = "gnu++17";
				CLANG_CXX_LIBRARY = "libc++";
				CLANG_ENABLE_MODULES = YES;
				CLANG_ENABLE_OBJC_ARC = YES;
				CLANG_ENABLE_OBJC_WEAK = YES;
				CLANG_WARN_BLOCK_CAPTURE_AUTORELEASING = YES;
				CLANG_WARN_BOOL_CONVERSION = YES;
				CLANG_WARN_COMMA = YES;
				CLANG_WARN_CONSTANT_CONVERSION = YES;
				CLANG_WARN_DEPRECATED_OBJC_IMPLEMENTATIONS = YES;
				CLANG_WARN_DIRECT_OBJC_ISA_USAGE = YES_ERROR;
				CLANG_WARN_DOCUMENTATION_COMMENTS = YES;
				CLANG_WARN_EMPTY_BODY = YES;
				CLANG_WARN_ENUM_CONVERSION = YES;
				CLANG_WARN_INFINITE_RECURSION = YES;
				CLANG_WARN_INT_CONVERSION = YES;
				CLANG_WARN_NON_LITERAL_NULL_CONVERSION = YES;
				CLANG_WARN_OBJC_IMPLICIT_RETAIN_SELF = YES;
				CLANG_WARN_OBJC_LITERAL_CONVERSION = YES;
				CLANG_WARN_OBJC_ROOT_CLASS = YES_ERROR;
				CLANG_WARN_QUOTED_INCLUDE_IN_FRAMEWORK_HEADER = YES;
				CLANG_WARN_RANGE_LOOP_ANALYSIS = YES;
				CLANG_WARN_STRICT_PROTOTYPES = YES;
				CLANG_WARN_SUSPICIOUS_MOVE = YES;
				CLANG_WARN_UNGUARDED_AVAILABILITY = YES_AGGRESSIVE;
				CLANG_WARN_UNREACHABLE_CODE = YES;
				CLANG_WARN__DUPLICATE_METHOD_MATCH = YES;
				COPY_PHASE_STRIP = NO;
				DEBUG_INFORMATION_FORMAT = dwarf;
				ENABLE_STRICT_OBJC_MSGSEND = YES;
				ENABLE_TESTABILITY = YES;
				GCC_C_LANGUAGE_STANDARD = gnu11;
				GCC_DYNAMIC_NO_PIC = NO;
				GCC_NO_COMMON_BLOCKS = YES;
				GCC_OPTIMIZATION_LEVEL = 0;
				GCC_PREPROCESSOR_DEFINITIONS = (
					"DEBUG=1",
					"$(inherited)",
				);
				GCC_WARN_64_TO_32_BIT_CONVERSION = YES;
				GCC_WARN_ABOUT_RETURN_TYPE = YES_ERROR;
				GCC_WARN_UNDECLARED_SELECTOR = YES;
				GCC_WARN_UNINITIALIZED_AUTOS = YES_AGGRESSIVE;
				GCC_WARN_UNUSED_FUNCTION = YES;
				GCC_WARN_UNUSED_VARIABLE = YES;
				IPHONEOS_DEPLOYMENT_TARGET = 15.2;
				MTL_ENABLE_DEBUG_INFO = INCLUDE_SOURCE;
				MTL_FAST_MATH = YES;
				ONLY_ACTIVE_ARCH = YES;
				SDKROOT = iphoneos;
				SWIFT_ACTIVE_COMPILATION_CONDITIONS = DEBUG;
				SWIFT_OPTIMIZATION_LEVEL = "-Onone";
			};
			name = Debug;
		};
		CFDA851527DA973100692155 /* Release */ = {
			isa = XCBuildConfiguration;
			buildSettings = {
				ALWAYS_SEARCH_USER_PATHS = NO;
				CLANG_ANALYZER_NONNULL = YES;
				CLANG_ANALYZER_NUMBER_OBJECT_CONVERSION = YES_AGGRESSIVE;
				CLANG_CXX_LANGUAGE_STANDARD = "gnu++17";
				CLANG_CXX_LIBRARY = "libc++";
				CLANG_ENABLE_MODULES = YES;
				CLANG_ENABLE_OBJC_ARC = YES;
				CLANG_ENABLE_OBJC_WEAK = YES;
				CLANG_WARN_BLOCK_CAPTURE_AUTORELEASING = YES;
				CLANG_WARN_BOOL_CONVERSION = YES;
				CLANG_WARN_COMMA = YES;
				CLANG_WARN_CONSTANT_CONVERSION = YES;
				CLANG_WARN_DEPRECATED_OBJC_IMPLEMENTATIONS = YES;
				CLANG_WARN_DIRECT_OBJC_ISA_USAGE = YES_ERROR;
				CLANG_WARN_DOCUMENTATION_COMMENTS = YES;
				CLANG_WARN_EMPTY_BODY = YES;
				CLANG_WARN_ENUM_CONVERSION = YES;
				CLANG_WARN_INFINITE_RECURSION = YES;
				CLANG_WARN_INT_CONVERSION = YES;
				CLANG_WARN_NON_LITERAL_NULL_CONVERSION = YES;
				CLANG_WARN_OBJC_IMPLICIT_RETAIN_SELF = YES;
				CLANG_WARN_OBJC_LITERAL_CONVERSION = YES;
				CLANG_WARN_OBJC_ROOT_CLASS = YES_ERROR;
				CLANG_WARN_QUOTED_INCLUDE_IN_FRAMEWORK_HEADER = YES;
				CLANG_WARN_RANGE_LOOP_ANALYSIS = YES;
				CLANG_WARN_STRICT_PROTOTYPES = YES;
				CLANG_WARN_SUSPICIOUS_MOVE = YES;
				CLANG_WARN_UNGUARDED_AVAILABILITY = YES_AGGRESSIVE;
				CLANG_WARN_UNREACHABLE_CODE = YES;
				CLANG_WARN__DUPLICATE_METHOD_MATCH = YES;
				COPY_PHASE_STRIP = NO;
				DEBUG_INFORMATION_FORMAT = "dwarf-with-dsym";
				ENABLE_NS_ASSERTIONS = NO;
				ENABLE_STRICT_OBJC_MSGSEND = YES;
				GCC_C_LANGUAGE_STANDARD = gnu11;
				GCC_NO_COMMON_BLOCKS = YES;
				GCC_WARN_64_TO_32_BIT_CONVERSION = YES;
				GCC_WARN_ABOUT_RETURN_TYPE = YES_ERROR;
				GCC_WARN_UNDECLARED_SELECTOR = YES;
				GCC_WARN_UNINITIALIZED_AUTOS = YES_AGGRESSIVE;
				GCC_WARN_UNUSED_FUNCTION = YES;
				GCC_WARN_UNUSED_VARIABLE = YES;
				IPHONEOS_DEPLOYMENT_TARGET = 15.2;
				MTL_ENABLE_DEBUG_INFO = NO;
				MTL_FAST_MATH = YES;
				SDKROOT = iphoneos;
				SWIFT_COMPILATION_MODE = wholemodule;
				SWIFT_OPTIMIZATION_LEVEL = "-O";
				VALIDATE_PRODUCT = YES;
			};
			name = Release;
		};
		CFDA851727DA973100692155 /* Debug */ = {
			isa = XCBuildConfiguration;
			buildSettings = {
				ASSETCATALOG_COMPILER_APPICON_NAME = AppIcon;
				ASSETCATALOG_COMPILER_GLOBAL_ACCENT_COLOR_NAME = AccentColor;
				CODE_SIGN_STYLE = Automatic;
				CURRENT_PROJECT_VERSION = 1;
				DEVELOPMENT_ASSET_PATHS = "\"DiscordTest/Preview Content\"";
				ENABLE_PREVIEWS = YES;
				GENERATE_INFOPLIST_FILE = YES;
				INFOPLIST_FILE = DiscordTest/Info.plist;
				INFOPLIST_KEY_LSApplicationCategoryType = "public.app-category.games";
				INFOPLIST_KEY_UIApplicationSceneManifest_Generation = YES;
				INFOPLIST_KEY_UIApplicationSupportsIndirectInputEvents = YES;
				INFOPLIST_KEY_UILaunchScreen_Generation = YES;
				INFOPLIST_KEY_UISupportedInterfaceOrientations_iPad = "UIInterfaceOrientationPortrait UIInterfaceOrientationPortraitUpsideDown UIInterfaceOrientationLandscapeLeft UIInterfaceOrientationLandscapeRight";
				INFOPLIST_KEY_UISupportedInterfaceOrientations_iPhone = "UIInterfaceOrientationPortrait UIInterfaceOrientationLandscapeLeft UIInterfaceOrientationLandscapeRight";
				LD_RUNPATH_SEARCH_PATHS = (
					"$(inherited)",
					"@executable_path/Frameworks",
				);
				MARKETING_VERSION = 1.0;
				PRODUCT_BUNDLE_IDENTIFIER = swype.DiscordTest;
				PRODUCT_NAME = "$(TARGET_NAME)";
				SWIFT_EMIT_LOC_STRINGS = YES;
				SWIFT_VERSION = 5.0;
				TARGETED_DEVICE_FAMILY = "1,2";
			};
			name = Debug;
		};
		CFDA851827DA973100692155 /* Release */ = {
			isa = XCBuildConfiguration;
			buildSettings = {
				ASSETCATALOG_COMPILER_APPICON_NAME = AppIcon;
				ASSETCATALOG_COMPILER_GLOBAL_ACCENT_COLOR_NAME = AccentColor;
				CODE_SIGN_STYLE = Automatic;
				CURRENT_PROJECT_VERSION = 1;
				DEVELOPMENT_ASSET_PATHS = "\"DiscordTest/Preview Content\"";
				ENABLE_PREVIEWS = YES;
				GENERATE_INFOPLIST_FILE = YES;
				INFOPLIST_FILE = DiscordTest/Info.plist;
				INFOPLIST_KEY_LSApplicationCategoryType = "public.app-category.games";
				INFOPLIST_KEY_UIApplicationSceneManifest_Generation = YES;
				INFOPLIST_KEY_UIApplicationSupportsIndirectInputEvents = YES;
				INFOPLIST_KEY_UILaunchScreen_Generation = YES;
				INFOPLIST_KEY_UISupportedInterfaceOrientations_iPad = "UIInterfaceOrientationPortrait UIInterfaceOrientationPortraitUpsideDown UIInterfaceOrientationLandscapeLeft UIInterfaceOrientationLandscapeRight";
				INFOPLIST_KEY_UISupportedInterfaceOrientations_iPhone = "UIInterfaceOrientationPortrait UIInterfaceOrientationLandscapeLeft UIInterfaceOrientationLandscapeRight";
				LD_RUNPATH_SEARCH_PATHS = (
					"$(inherited)",
					"@executable_path/Frameworks",
				);
				MARKETING_VERSION = 1.0;
				PRODUCT_BUNDLE_IDENTIFIER = swype.DiscordTest;
				PRODUCT_NAME = "$(TARGET_NAME)";
				SWIFT_EMIT_LOC_STRINGS = YES;
				SWIFT_VERSION = 5.0;
				TARGETED_DEVICE_FAMILY = "1,2";
			};
			name = Release;
		};
		CFDA851A27DA973100692155 /* Debug */ = {
			isa = XCBuildConfiguration;
			buildSettings = {
				ALWAYS_EMBED_SWIFT_STANDARD_LIBRARIES = YES;
				BUNDLE_LOADER = "$(TEST_HOST)";
				CODE_SIGN_STYLE = Automatic;
				CURRENT_PROJECT_VERSION = 1;
				GENERATE_INFOPLIST_FILE = YES;
				IPHONEOS_DEPLOYMENT_TARGET = 15.2;
				MARKETING_VERSION = 1.0;
				PRODUCT_BUNDLE_IDENTIFIER = swype.DiscordTestTests;
				PRODUCT_NAME = "$(TARGET_NAME)";
				SWIFT_EMIT_LOC_STRINGS = NO;
				SWIFT_VERSION = 5.0;
				TARGETED_DEVICE_FAMILY = "1,2";
				TEST_HOST = "$(BUILT_PRODUCTS_DIR)/DiscordTest.app/DiscordTest";
			};
			name = Debug;
		};
		CFDA851B27DA973100692155 /* Release */ = {
			isa = XCBuildConfiguration;
			buildSettings = {
				ALWAYS_EMBED_SWIFT_STANDARD_LIBRARIES = YES;
				BUNDLE_LOADER = "$(TEST_HOST)";
				CODE_SIGN_STYLE = Automatic;
				CURRENT_PROJECT_VERSION = 1;
				GENERATE_INFOPLIST_FILE = YES;
				IPHONEOS_DEPLOYMENT_TARGET = 15.2;
				MARKETING_VERSION = 1.0;
				PRODUCT_BUNDLE_IDENTIFIER = swype.DiscordTestTests;
				PRODUCT_NAME = "$(TARGET_NAME)";
				SWIFT_EMIT_LOC_STRINGS = NO;
				SWIFT_VERSION = 5.0;
				TARGETED_DEVICE_FAMILY = "1,2";
				TEST_HOST = "$(BUILT_PRODUCTS_DIR)/DiscordTest.app/DiscordTest";
			};
			name = Release;
		};
		CFDA851D27DA973100692155 /* Debug */ = {
			isa = XCBuildConfiguration;
			buildSettings = {
				ALWAYS_EMBED_SWIFT_STANDARD_LIBRARIES = YES;
				CODE_SIGN_STYLE = Automatic;
				CURRENT_PROJECT_VERSION = 1;
				GENERATE_INFOPLIST_FILE = YES;
				MARKETING_VERSION = 1.0;
				PRODUCT_BUNDLE_IDENTIFIER = swype.DiscordTestUITests;
				PRODUCT_NAME = "$(TARGET_NAME)";
				SWIFT_EMIT_LOC_STRINGS = NO;
				SWIFT_VERSION = 5.0;
				TARGETED_DEVICE_FAMILY = "1,2";
				TEST_TARGET_NAME = DiscordTest;
			};
			name = Debug;
		};
		CFDA851E27DA973100692155 /* Release */ = {
			isa = XCBuildConfiguration;
			buildSettings = {
				ALWAYS_EMBED_SWIFT_STANDARD_LIBRARIES = YES;
				CODE_SIGN_STYLE = Automatic;
				CURRENT_PROJECT_VERSION = 1;
				GENERATE_INFOPLIST_FILE = YES;
				MARKETING_VERSION = 1.0;
				PRODUCT_BUNDLE_IDENTIFIER = swype.DiscordTestUITests;
				PRODUCT_NAME = "$(TARGET_NAME)";
				SWIFT_EMIT_LOC_STRINGS = NO;
				SWIFT_VERSION = 5.0;
				TARGETED_DEVICE_FAMILY = "1,2";
				TEST_TARGET_NAME = DiscordTest;
			};
			name = Release;
		};
/* End XCBuildConfiguration section */

/* Begin XCConfigurationList section */
		CFDA84ED27DA972E00692155 /* Build configuration list for PBXProject "DiscordTest" */ = {
			isa = XCConfigurationList;
			buildConfigurations = (
				CFDA851427DA973100692155 /* Debug */,
				CFDA851527DA973100692155 /* Release */,
			);
			defaultConfigurationIsVisible = 0;
			defaultConfigurationName = Release;
		};
		CFDA851627DA973100692155 /* Build configuration list for PBXNativeTarget "DiscordTest" */ = {
			isa = XCConfigurationList;
			buildConfigurations = (
				CFDA851727DA973100692155 /* Debug */,
				CFDA851827DA973100692155 /* Release */,
			);
			defaultConfigurationIsVisible = 0;
			defaultConfigurationName = Release;
		};
		CFDA851927DA973100692155 /* Build configuration list for PBXNativeTarget "DiscordTestTests" */ = {
			isa = XCConfigurationList;
			buildConfigurations = (
				CFDA851A27DA973100692155 /* Debug */,
				CFDA851B27DA973100692155 /* Release */,
			);
			defaultConfigurationIsVisible = 0;
			defaultConfigurationName = Release;
		};
		CFDA851C27DA973100692155 /* Build configuration list for PBXNativeTarget "DiscordTestUITests" */ = {
			isa = XCConfigurationList;
			buildConfigurations = (
				CFDA851D27DA973100692155 /* Debug */,
				CFDA851E27DA973100692155 /* Release */,
			);
			defaultConfigurationIsVisible = 0;
			defaultConfigurationName = Release;
		};
/* End XCConfigurationList section */
	};
	rootObject = CFDA84EA27DA972E00692155 /* Project object */;
}
